// !$*UTF8*$!
{
	archiveVersion = 1;
	classes = {
	};
	objectVersion = 46;
	objects = {

/* Begin PBXBuildFile section */
		0AC288B11EC94DEB0044787C /* main.m in Sources */ = {isa = PBXBuildFile; fileRef = 0AC288B01EC94DEB0044787C /* main.m */; };
		0AC288B41EC94DEB0044787C /* AppDelegate.m in Sources */ = {isa = PBXBuildFile; fileRef = 0AC288B31EC94DEB0044787C /* AppDelegate.m */; };
		0AC288B71EC94DEB0044787C /* ViewController.m in Sources */ = {isa = PBXBuildFile; fileRef = 0AC288B61EC94DEB0044787C /* ViewController.m */; };
		0AC288BA1EC94DEB0044787C /* Main.storyboard in Resources */ = {isa = PBXBuildFile; fileRef = 0AC288B81EC94DEB0044787C /* Main.storyboard */; };
		0AC288BC1EC94DEB0044787C /* Assets.xcassets in Resources */ = {isa = PBXBuildFile; fileRef = 0AC288BB1EC94DEB0044787C /* Assets.xcassets */; };
		0AC288BF1EC94DEB0044787C /* LaunchScreen.storyboard in Resources */ = {isa = PBXBuildFile; fileRef = 0AC288BD1EC94DEB0044787C /* LaunchScreen.storyboard */; };
		0AC288C81EC94DFF0044787C /* LineView.m in Sources */ = {isa = PBXBuildFile; fileRef = 0AC288C71EC94DFF0044787C /* LineView.m */; };
/* End PBXBuildFile section */

/* Begin PBXFileReference section */
		0AC288AC1EC94DEB0044787C /* TrailEffect.app */ = {isa = PBXFileReference; explicitFileType = wrapper.application; includeInIndex = 0; path = TrailEffect.app; sourceTree = BUILT_PRODUCTS_DIR; };
		0AC288B01EC94DEB0044787C /* main.m */ = {isa = PBXFileReference; lastKnownFileType = sourcecode.c.objc; path = main.m; sourceTree = "<group>"; };
		0AC288B21EC94DEB0044787C /* AppDelegate.h */ = {isa = PBXFileReference; lastKnownFileType = sourcecode.c.h; path = AppDelegate.h; sourceTree = "<group>"; };
		0AC288B31EC94DEB0044787C /* AppDelegate.m */ = {isa = PBXFileReference; lastKnownFileType = sourcecode.c.objc; path = AppDelegate.m; sourceTree = "<group>"; };
		0AC288B51EC94DEB0044787C /* ViewController.h */ = {isa = PBXFileReference; lastKnownFileType = sourcecode.c.h; path = ViewController.h; sourceTree = "<group>"; };
		0AC288B61EC94DEB0044787C /* ViewController.m */ = {isa = PBXFileReference; lastKnownFileType = sourcecode.c.objc; path = ViewController.m; sourceTree = "<group>"; };
		0AC288B91EC94DEB0044787C /* Base */ = {isa = PBXFileReference; lastKnownFileType = file.storyboard; name = Base; path = Base.lproj/Main.storyboard; sourceTree = "<group>"; };
		0AC288BB1EC94DEB0044787C /* Assets.xcassets */ = {isa = PBXFileReference; lastKnownFileType = folder.assetcatalog; path = Assets.xcassets; sourceTree = "<group>"; };
		0AC288BE1EC94DEB0044787C /* Base */ = {isa = PBXFileReference; lastKnownFileType = file.storyboard; name = Base; path = Base.lproj/LaunchScreen.storyboard; sourceTree = "<group>"; };
		0AC288C01EC94DEB0044787C /* Info.plist */ = {isa = PBXFileReference; lastKnownFileType = text.plist.xml; path = Info.plist; sourceTree = "<group>"; };
		0AC288C61EC94DFF0044787C /* LineView.h */ = {isa = PBXFileReference; fileEncoding = 4; lastKnownFileType = sourcecode.c.h; path = LineView.h; sourceTree = "<group>"; };
		0AC288C71EC94DFF0044787C /* LineView.m */ = {isa = PBXFileReference; fileEncoding = 4; lastKnownFileType = sourcecode.c.objc; path = LineView.m; sourceTree = "<group>"; };
/* End PBXFileReference section */

/* Begin PBXFrameworksBuildPhase section */
		0AC288A91EC94DEB0044787C /* Frameworks */ = {
			isa = PBXFrameworksBuildPhase;
			buildActionMask = 2147483647;
			files = (
			);
			runOnlyForDeploymentPostprocessing = 0;
		};
/* End PBXFrameworksBuildPhase section */

/* Begin PBXGroup section */
		0AC288A31EC94DEB0044787C = {
			isa = PBXGroup;
			children = (
				0AC288AE1EC94DEB0044787C /* TrailEffect */,
				0AC288AD1EC94DEB0044787C /* Products */,
			);
			sourceTree = "<group>";
		};
		0AC288AD1EC94DEB0044787C /* Products */ = {
			isa = PBXGroup;
			children = (
				0AC288AC1EC94DEB0044787C /* TrailEffect.app */,
			);
			name = Products;
			sourceTree = "<group>";
		};
		0AC288AE1EC94DEB0044787C /* TrailEffect */ = {
			isa = PBXGroup;
			children = (
				0AC288C61EC94DFF0044787C /* LineView.h */,
				0AC288C71EC94DFF0044787C /* LineView.m */,
				0AC288B21EC94DEB0044787C /* AppDelegate.h */,
				0AC288B31EC94DEB0044787C /* AppDelegate.m */,
				0AC288B51EC94DEB0044787C /* ViewController.h */,
				0AC288B61EC94DEB0044787C /* ViewController.m */,
				0AC288B81EC94DEB0044787C /* Main.storyboard */,
				0AC288BB1EC94DEB0044787C /* Assets.xcassets */,
				0AC288BD1EC94DEB0044787C /* LaunchScreen.storyboard */,
				0AC288C01EC94DEB0044787C /* Info.plist */,
				0AC288AF1EC94DEB0044787C /* Supporting Files */,
			);
			path = TrailEffect;
			sourceTree = "<group>";
		};
		0AC288AF1EC94DEB0044787C /* Supporting Files */ = {
			isa = PBXGroup;
			children = (
				0AC288B01EC94DEB0044787C /* main.m */,
			);
			name = "Supporting Files";
			sourceTree = "<group>";
		};
/* End PBXGroup section */

/* Begin PBXNativeTarget section */
		0AC288AB1EC94DEB0044787C /* TrailEffect */ = {
			isa = PBXNativeTarget;
			buildConfigurationList = 0AC288C31EC94DEB0044787C /* Build configuration list for PBXNativeTarget "TrailEffect" */;
			buildPhases = (
				0AC288A81EC94DEB0044787C /* Sources */,
				0AC288A91EC94DEB0044787C /* Frameworks */,
				0AC288AA1EC94DEB0044787C /* Resources */,
			);
			buildRules = (
			);
			dependencies = (
			);
			name = TrailEffect;
			productName = TrailEffect;
			productReference = 0AC288AC1EC94DEB0044787C /* TrailEffect.app */;
			productType = "com.apple.product-type.application";
		};
/* End PBXNativeTarget section */

/* Begin PBXProject section */
		0AC288A41EC94DEB0044787C /* Project object */ = {
			isa = PBXProject;
			attributes = {
				LastUpgradeCheck = 0820;
				ORGANIZATIONNAME = LiGongJiao;
				TargetAttributes = {
					0AC288AB1EC94DEB0044787C = {
						CreatedOnToolsVersion = 8.2;
						DevelopmentTeam = AFU3C2387Z;
						ProvisioningStyle = Automatic;
					};
				};
			};
			buildConfigurationList = 0AC288A71EC94DEB0044787C /* Build configuration list for PBXProject "TrailEffect" */;
			compatibilityVersion = "Xcode 3.2";
			developmentRegion = English;
			hasScannedForEncodings = 0;
			knownRegions = (
				en,
				Base,
			);
			mainGroup = 0AC288A31EC94DEB0044787C;
			productRefGroup = 0AC288AD1EC94DEB0044787C /* Products */;
			projectDirPath = "";
			projectRoot = "";
			targets = (
				0AC288AB1EC94DEB0044787C /* TrailEffect */,
			);
		};
/* End PBXProject section */

/* Begin PBXResourcesBuildPhase section */
		0AC288AA1EC94DEB0044787C /* Resources */ = {
			isa = PBXResourcesBuildPhase;
			buildActionMask = 2147483647;
			files = (
				0AC288BF1EC94DEB0044787C /* LaunchScreen.storyboard in Resources */,
				0AC288BC1EC94DEB0044787C /* Assets.xcassets in Resources */,
				0AC288BA1EC94DEB0044787C /* Main.storyboard in Resources */,
			);
			runOnlyForDeploymentPostprocessing = 0;
		};
/* End PBXResourcesBuildPhase section */

/* Begin PBXSourcesBuildPhase section */
		0AC288A81EC94DEB0044787C /* Sources */ = {
			isa = PBXSourcesBuildPhase;
			buildActionMask = 2147483647;
			files = (
				0AC288C81EC94DFF0044787C /* LineView.m in Sources */,
				0AC288B71EC94DEB0044787C /* ViewController.m in Sources */,
				0AC288B41EC94DEB0044787C /* AppDelegate.m in Sources */,
				0AC288B11EC94DEB0044787C /* main.m in Sources */,
			);
			runOnlyForDeploymentPostprocessing = 0;
		};
/* End PBXSourcesBuildPhase section */

/* Begin PBXVariantGroup section */
		0AC288B81EC94DEB0044787C /* Main.storyboard */ = {
			isa = PBXVariantGroup;
			children = (
				0AC288B91EC94DEB0044787C /* Base */,
			);
			name = Main.storyboard;
			sourceTree = "<group>";
		};
		0AC288BD1EC94DEB0044787C /* LaunchScreen.storyboard */ = {
			isa = PBXVariantGroup;
			children = (
				0AC288BE1EC94DEB0044787C /* Base */,
			);
			name = LaunchScreen.storyboard;
			sourceTree = "<group>";
		};
/* End PBXVariantGroup section */

/* Begin XCBuildConfiguration section */
		0AC288C11EC94DEB0044787C /* Debug */ = {
			isa = XCBuildConfiguration;
			buildSettings = {
				ALWAYS_SEARCH_USER_PATHS = NO;
				CLANG_ANALYZER_NONNULL = YES;
				CLANG_CXX_LANGUAGE_STANDARD = "gnu++0x";
				CLANG_CXX_LIBRARY = "libc++";
				CLANG_ENABLE_MODULES = YES;
				CLANG_ENABLE_OBJC_ARC = YES;
				CLANG_WARN_BOOL_CONVERSION = YES;
				CLANG_WARN_CONSTANT_CONVERSION = YES;
				CLANG_WARN_DIRECT_OBJC_ISA_USAGE = YES_ERROR;
				CLANG_WARN_DOCUMENTATION_COMMENTS = YES;
				CLANG_WARN_EMPTY_BODY = YES;
				CLANG_WARN_ENUM_CONVERSION = YES;
				CLANG_WARN_INFINITE_RECURSION = YES;
				CLANG_WARN_INT_CONVERSION = YES;
				CLANG_WARN_OBJC_ROOT_CLASS = YES_ERROR;
				CLANG_WARN_SUSPICIOUS_MOVE = YES;
				CLANG_WARN_UNREACHABLE_CODE = YES;
				CLANG_WARN__DUPLICATE_METHOD_MATCH = YES;
				"CODE_SIGN_IDENTITY[sdk=iphoneos*]" = "iPhone Developer";
				COPY_PHASE_STRIP = NO;
				DEBUG_INFORMATION_FORMAT = dwarf;
				ENABLE_STRICT_OBJC_MSGSEND = YES;
				ENABLE_TESTABILITY = YES;
				GCC_C_LANGUAGE_STANDARD = gnu99;
				GCC_DYNAMIC_NO_PIC = NO;
				GCC_NO_COMMON_BLOCKS = YES;
				GCC_OPTIMIZATION_LEVEL = 0;
				GCC_PREPROCESSOR_DEFINITIONS = (
					"DEBUG=1",
					"$(inherited)",
				);
				GCC_WARN_64_TO_32_BIT_CONVERSION = YES;
				GCC_WARN_ABOUT_RETURN_TYPE = YES_ERROR;
				GCC_WARN_UNDECLARED_SELECTOR = YES;
				GCC_WARN_UNINITIALIZED_AUTOS = YES_AGGRESSIVE;
				GCC_WARN_UNUSED_FUNCTION = YES;
				GCC_WARN_UNUSED_VARIABLE = YES;
				IPHONEOS_DEPLOYMENT_TARGET = 10.2;
				MTL_ENABLE_DEBUG_INFO = YES;
				ONLY_ACTIVE_ARCH = YES;
				SDKROOT = iphoneos;
			};
			name = Debug;
		};
		0AC288C21EC94DEB0044787C /* Release */ = {
			isa = XCBuildConfiguration;
			buildSettings = {
				ALWAYS_SEARCH_USER_PATHS = NO;
				CLANG_ANALYZER_NONNULL = YES;
				CLANG_CXX_LANGUAGE_STANDARD = "gnu++0x";
				CLANG_CXX_LIBRARY = "libc++";
				CLANG_ENABLE_MODULES = YES;
				CLANG_ENABLE_OBJC_ARC = YES;
				CLANG_WARN_BOOL_CONVERSION = YES;
				CLANG_WARN_CONSTANT_CONVERSION = YES;
				CLANG_WARN_DIRECT_OBJC_ISA_USAGE = YES_ERROR;
				CLANG_WARN_DOCUMENTATION_COMMENTS = YES;
				CLANG_WARN_EMPTY_BODY = YES;
				CLANG_WARN_ENUM_CONVERSION = YES;
				CLANG_WARN_INFINITE_RECURSION = YES;
				CLANG_WARN_INT_CONVERSION = YES;
				CLANG_WARN_OBJC_ROOT_CLASS = YES_ERROR;
				CLANG_WARN_SUSPICIOUS_MOVE = YES;
				CLANG_WARN_UNREACHABLE_CODE = YES;
				CLANG_WARN__DUPLICATE_METHOD_MATCH = YES;
				"CODE_SIGN_IDENTITY[sdk=iphoneos*]" = "iPhone Developer";
				COPY_PHASE_STRIP = NO;
				DEBUG_INFORMATION_FORMAT = "dwarf-with-dsym";
				ENABLE_NS_ASSERTIONS = NO;
				ENABLE_STRICT_OBJC_MSGSEND = YES;
				GCC_C_LANGUAGE_STANDARD = gnu99;
				GCC_NO_COMMON_BLOCKS = YES;
				GCC_WARN_64_TO_32_BIT_CONVERSION = YES;
				GCC_WARN_ABOUT_RETURN_TYPE = YES_ERROR;
				GCC_WARN_UNDECLARED_SELECTOR = YES;
				GCC_WARN_UNINITIALIZED_AUTOS = YES_AGGRESSIVE;
				GCC_WARN_UNUSED_FUNCTION = YES;
				GCC_WARN_UNUSED_VARIABLE = YES;
				IPHONEOS_DEPLOYMENT_TARGET = 10.2;
				MTL_ENABLE_DEBUG_INFO = NO;
				SDKROOT = iphoneos;
				VALIDATE_PRODUCT = YES;
			};
			name = Release;
		};
		0AC288C41EC94DEB0044787C /* Debug */ = {
			isa = XCBuildConfiguration;
			buildSettings = {
				ASSETCATALOG_COMPILER_APPICON_NAME = AppIcon;
				DEVELOPMENT_TEAM = AFU3C2387Z;
				INFOPLIST_FILE = TrailEffect/Info.plist;
				IPHONEOS_DEPLOYMENT_TARGET = 9.0;
				LD_RUNPATH_SEARCH_PATHS = "$(inherited) @executable_path/Frameworks";
				PRODUCT_BUNDLE_IDENTIFIER = com.91bdjw.TrailEffect;
				PRODUCT_NAME = "$(TARGET_NAME)";
			};
			name = Debug;
		};
		0AC288C51EC94DEB0044787C /* Release */ = {
			isa = XCBuildConfiguration;
			buildSettings = {
				ASSETCATALOG_COMPILER_APPICON_NAME = AppIcon;
				DEVELOPMENT_TEAM = AFU3C2387Z;
				INFOPLIST_FILE = TrailEffect/Info.plist;
				IPHONEOS_DEPLOYMENT_TARGET = 9.0;
				LD_RUNPATH_SEARCH_PATHS = "$(inherited) @executable_path/Frameworks";
				PRODUCT_BUNDLE_IDENTIFIER = com.91bdjw.TrailEffect;
				PRODUCT_NAME = "$(TARGET_NAME)";
			};
			name = Release;
		};
/* End XCBuildConfiguration section */

/* Begin XCConfigurationList section */
		0AC288A71EC94DEB0044787C /* Build configuration list for PBXProject "TrailEffect" */ = {
			isa = XCConfigurationList;
			buildConfigurations = (
				0AC288C11EC94DEB0044787C /* Debug */,
				0AC288C21EC94DEB0044787C /* Release */,
			);
			defaultConfigurationIsVisible = 0;
			defaultConfigurationName = Release;
		};
		0AC288C31EC94DEB0044787C /* Build configuration list for PBXNativeTarget "TrailEffect" */ = {
			isa = XCConfigurationList;
			buildConfigurations = (
				0AC288C41EC94DEB0044787C /* Debug */,
				0AC288C51EC94DEB0044787C /* Release */,
			);
			defaultConfigurationIsVisible = 0;
			defaultConfigurationName = Release;
		};
/* End XCConfigurationList section */
	};
	rootObject = 0AC288A41EC94DEB0044787C /* Project object */;
}
